// !$*UTF8*$!
{
	archiveVersion = 1;
	classes = {
	};
	objectVersion = 50;
	objects = {

/* Begin PBXBuildFile section */
		2A641B502508B60700A33D20 /* AppDelegate.swift in Sources */ = {isa = PBXBuildFile; fileRef = 2A641B4F2508B60700A33D20 /* AppDelegate.swift */; };
		2A641B522508B60700A33D20 /* SceneDelegate.swift in Sources */ = {isa = PBXBuildFile; fileRef = 2A641B512508B60700A33D20 /* SceneDelegate.swift */; };
		2A641B542508B60700A33D20 /* ViewController.swift in Sources */ = {isa = PBXBuildFile; fileRef = 2A641B532508B60700A33D20 /* ViewController.swift */; };
		2A641B572508B60700A33D20 /* Main.storyboard in Resources */ = {isa = PBXBuildFile; fileRef = 2A641B552508B60700A33D20 /* Main.storyboard */; };
		2A641B592508B60800A33D20 /* Assets.xcassets in Resources */ = {isa = PBXBuildFile; fileRef = 2A641B582508B60800A33D20 /* Assets.xcassets */; };
		2A641B5C2508B60800A33D20 /* LaunchScreen.storyboard in Resources */ = {isa = PBXBuildFile; fileRef = 2A641B5A2508B60800A33D20 /* LaunchScreen.storyboard */; };
		2A641B672508B60800A33D20 /* AubergineDemoTests.swift in Sources */ = {isa = PBXBuildFile; fileRef = 2A641B662508B60800A33D20 /* AubergineDemoTests.swift */; };
		2A641B722508B60900A33D20 /* AubergineDemoUITests.swift in Sources */ = {isa = PBXBuildFile; fileRef = 2A641B712508B60900A33D20 /* AubergineDemoUITests.swift */; };
/* End PBXBuildFile section */

/* Begin PBXContainerItemProxy section */
		2A641B632508B60800A33D20 /* PBXContainerItemProxy */ = {
			isa = PBXContainerItemProxy;
			containerPortal = 2A641B442508B60700A33D20 /* Project object */;
			proxyType = 1;
			remoteGlobalIDString = 2A641B4B2508B60700A33D20;
			remoteInfo = AubergineDemo;
		};
		2A641B6E2508B60900A33D20 /* PBXContainerItemProxy */ = {
			isa = PBXContainerItemProxy;
			containerPortal = 2A641B442508B60700A33D20 /* Project object */;
			proxyType = 1;
			remoteGlobalIDString = 2A641B4B2508B60700A33D20;
			remoteInfo = AubergineDemo;
		};
/* End PBXContainerItemProxy section */

/* Begin PBXFileReference section */
		2A641B4C2508B60700A33D20 /* AubergineDemo.app */ = {isa = PBXFileReference; explicitFileType = wrapper.application; includeInIndex = 0; path = AubergineDemo.app; sourceTree = BUILT_PRODUCTS_DIR; };
		2A641B4F2508B60700A33D20 /* AppDelegate.swift */ = {isa = PBXFileReference; lastKnownFileType = sourcecode.swift; path = AppDelegate.swift; sourceTree = "<group>"; };
		2A641B512508B60700A33D20 /* SceneDelegate.swift */ = {isa = PBXFileReference; lastKnownFileType = sourcecode.swift; path = SceneDelegate.swift; sourceTree = "<group>"; };
		2A641B532508B60700A33D20 /* ViewController.swift */ = {isa = PBXFileReference; lastKnownFileType = sourcecode.swift; path = ViewController.swift; sourceTree = "<group>"; };
		2A641B562508B60700A33D20 /* Base */ = {isa = PBXFileReference; lastKnownFileType = file.storyboard; name = Base; path = Base.lproj/Main.storyboard; sourceTree = "<group>"; };
		2A641B582508B60800A33D20 /* Assets.xcassets */ = {isa = PBXFileReference; lastKnownFileType = folder.assetcatalog; path = Assets.xcassets; sourceTree = "<group>"; };
		2A641B5B2508B60800A33D20 /* Base */ = {isa = PBXFileReference; lastKnownFileType = file.storyboard; name = Base; path = Base.lproj/LaunchScreen.storyboard; sourceTree = "<group>"; };
		2A641B5D2508B60800A33D20 /* Info.plist */ = {isa = PBXFileReference; lastKnownFileType = text.plist.xml; path = Info.plist; sourceTree = "<group>"; };
		2A641B622508B60800A33D20 /* AubergineDemoTests.xctest */ = {isa = PBXFileReference; explicitFileType = wrapper.cfbundle; includeInIndex = 0; path = AubergineDemoTests.xctest; sourceTree = BUILT_PRODUCTS_DIR; };
		2A641B662508B60800A33D20 /* AubergineDemoTests.swift */ = {isa = PBXFileReference; lastKnownFileType = sourcecode.swift; path = AubergineDemoTests.swift; sourceTree = "<group>"; };
		2A641B682508B60800A33D20 /* Info.plist */ = {isa = PBXFileReference; lastKnownFileType = text.plist.xml; path = Info.plist; sourceTree = "<group>"; };
		2A641B6D2508B60900A33D20 /* AubergineDemoUITests.xctest */ = {isa = PBXFileReference; explicitFileType = wrapper.cfbundle; includeInIndex = 0; path = AubergineDemoUITests.xctest; sourceTree = BUILT_PRODUCTS_DIR; };
		2A641B712508B60900A33D20 /* AubergineDemoUITests.swift */ = {isa = PBXFileReference; lastKnownFileType = sourcecode.swift; path = AubergineDemoUITests.swift; sourceTree = "<group>"; };
		2A641B732508B60900A33D20 /* Info.plist */ = {isa = PBXFileReference; lastKnownFileType = text.plist.xml; path = Info.plist; sourceTree = "<group>"; };
/* End PBXFileReference section */

/* Begin PBXFrameworksBuildPhase section */
		2A641B492508B60700A33D20 /* Frameworks */ = {
			isa = PBXFrameworksBuildPhase;
			buildActionMask = 2147483647;
			files = (
			);
			runOnlyForDeploymentPostprocessing = 0;
		};
		2A641B5F2508B60800A33D20 /* Frameworks */ = {
			isa = PBXFrameworksBuildPhase;
			buildActionMask = 2147483647;
			files = (
			);
			runOnlyForDeploymentPostprocessing = 0;
		};
		2A641B6A2508B60900A33D20 /* Frameworks */ = {
			isa = PBXFrameworksBuildPhase;
			buildActionMask = 2147483647;
			files = (
			);
			runOnlyForDeploymentPostprocessing = 0;
		};
/* End PBXFrameworksBuildPhase section */

/* Begin PBXGroup section */
		2A641B432508B60700A33D20 = {
			isa = PBXGroup;
			children = (
				2A641B4E2508B60700A33D20 /* AubergineDemo */,
				2A641B652508B60800A33D20 /* AubergineDemoTests */,
				2A641B702508B60900A33D20 /* AubergineDemoUITests */,
				2A641B4D2508B60700A33D20 /* Products */,
			);
			sourceTree = "<group>";
		};
		2A641B4D2508B60700A33D20 /* Products */ = {
			isa = PBXGroup;
			children = (
				2A641B4C2508B60700A33D20 /* AubergineDemo.app */,
				2A641B622508B60800A33D20 /* AubergineDemoTests.xctest */,
				2A641B6D2508B60900A33D20 /* AubergineDemoUITests.xctest */,
			);
			name = Products;
			sourceTree = "<group>";
		};
		2A641B4E2508B60700A33D20 /* AubergineDemo */ = {
			isa = PBXGroup;
			children = (
				2A641B4F2508B60700A33D20 /* AppDelegate.swift */,
				2A641B512508B60700A33D20 /* SceneDelegate.swift */,
				2A641B532508B60700A33D20 /* ViewController.swift */,
				2A641B552508B60700A33D20 /* Main.storyboard */,
				2A641B582508B60800A33D20 /* Assets.xcassets */,
				2A641B5A2508B60800A33D20 /* LaunchScreen.storyboard */,
				2A641B5D2508B60800A33D20 /* Info.plist */,
			);
			path = AubergineDemo;
			sourceTree = "<group>";
		};
		2A641B652508B60800A33D20 /* AubergineDemoTests */ = {
			isa = PBXGroup;
			children = (
				2A641B662508B60800A33D20 /* AubergineDemoTests.swift */,
				2A641B682508B60800A33D20 /* Info.plist */,
			);
			path = AubergineDemoTests;
			sourceTree = "<group>";
		};
		2A641B702508B60900A33D20 /* AubergineDemoUITests */ = {
			isa = PBXGroup;
			children = (
				2A641B712508B60900A33D20 /* AubergineDemoUITests.swift */,
				2A641B732508B60900A33D20 /* Info.plist */,
			);
			path = AubergineDemoUITests;
			sourceTree = "<group>";
		};
/* End PBXGroup section */

/* Begin PBXNativeTarget section */
		2A641B4B2508B60700A33D20 /* AubergineDemo */ = {
			isa = PBXNativeTarget;
			buildConfigurationList = 2A641B762508B60900A33D20 /* Build configuration list for PBXNativeTarget "AubergineDemo" */;
			buildPhases = (
				2A641B482508B60700A33D20 /* Sources */,
				2A641B492508B60700A33D20 /* Frameworks */,
				2A641B4A2508B60700A33D20 /* Resources */,
			);
			buildRules = (
			);
			dependencies = (
			);
			name = AubergineDemo;
			productName = AubergineDemo;
			productReference = 2A641B4C2508B60700A33D20 /* AubergineDemo.app */;
			productType = "com.apple.product-type.application";
		};
		2A641B612508B60800A33D20 /* AubergineDemoTests */ = {
			isa = PBXNativeTarget;
			buildConfigurationList = 2A641B792508B60900A33D20 /* Build configuration list for PBXNativeTarget "AubergineDemoTests" */;
			buildPhases = (
				2A641B5E2508B60800A33D20 /* Sources */,
				2A641B5F2508B60800A33D20 /* Frameworks */,
				2A641B602508B60800A33D20 /* Resources */,
			);
			buildRules = (
			);
			dependencies = (
				2A641B642508B60800A33D20 /* PBXTargetDependency */,
			);
			name = AubergineDemoTests;
			productName = AubergineDemoTests;
			productReference = 2A641B622508B60800A33D20 /* AubergineDemoTests.xctest */;
			productType = "com.apple.product-type.bundle.unit-test";
		};
		2A641B6C2508B60900A33D20 /* AubergineDemoUITests */ = {
			isa = PBXNativeTarget;
			buildConfigurationList = 2A641B7C2508B60900A33D20 /* Build configuration list for PBXNativeTarget "AubergineDemoUITests" */;
			buildPhases = (
				2A641B692508B60900A33D20 /* Sources */,
				2A641B6A2508B60900A33D20 /* Frameworks */,
				2A641B6B2508B60900A33D20 /* Resources */,
			);
			buildRules = (
			);
			dependencies = (
				2A641B6F2508B60900A33D20 /* PBXTargetDependency */,
			);
			name = AubergineDemoUITests;
			productName = AubergineDemoUITests;
			productReference = 2A641B6D2508B60900A33D20 /* AubergineDemoUITests.xctest */;
			productType = "com.apple.product-type.bundle.ui-testing";
		};
/* End PBXNativeTarget section */

/* Begin PBXProject section */
		2A641B442508B60700A33D20 /* Project object */ = {
			isa = PBXProject;
			attributes = {
				LastSwiftUpdateCheck = 1150;
				LastUpgradeCheck = 1150;
				ORGANIZATIONNAME = "Mac-OS-SSD";
				TargetAttributes = {
					2A641B4B2508B60700A33D20 = {
						CreatedOnToolsVersion = 11.5;
					};
					2A641B612508B60800A33D20 = {
						CreatedOnToolsVersion = 11.5;
						TestTargetID = 2A641B4B2508B60700A33D20;
					};
					2A641B6C2508B60900A33D20 = {
						CreatedOnToolsVersion = 11.5;
						TestTargetID = 2A641B4B2508B60700A33D20;
					};
				};
			};
			buildConfigurationList = 2A641B472508B60700A33D20 /* Build configuration list for PBXProject "AubergineDemo" */;
			compatibilityVersion = "Xcode 9.3";
			developmentRegion = en;
			hasScannedForEncodings = 0;
			knownRegions = (
				en,
				Base,
			);
			mainGroup = 2A641B432508B60700A33D20;
			productRefGroup = 2A641B4D2508B60700A33D20 /* Products */;
			projectDirPath = "";
			projectRoot = "";
			targets = (
				2A641B4B2508B60700A33D20 /* AubergineDemo */,
				2A641B612508B60800A33D20 /* AubergineDemoTests */,
				2A641B6C2508B60900A33D20 /* AubergineDemoUITests */,
			);
		};
/* End PBXProject section */

/* Begin PBXResourcesBuildPhase section */
		2A641B4A2508B60700A33D20 /* Resources */ = {
			isa = PBXResourcesBuildPhase;
			buildActionMask = 2147483647;
			files = (
				2A641B5C2508B60800A33D20 /* LaunchScreen.storyboard in Resources */,
				2A641B592508B60800A33D20 /* Assets.xcassets in Resources */,
				2A641B572508B60700A33D20 /* Main.storyboard in Resources */,
			);
			runOnlyForDeploymentPostprocessing = 0;
		};
		2A641B602508B60800A33D20 /* Resources */ = {
			isa = PBXResourcesBuildPhase;
			buildActionMask = 2147483647;
			files = (
			);
			runOnlyForDeploymentPostprocessing = 0;
		};
		2A641B6B2508B60900A33D20 /* Resources */ = {
			isa = PBXResourcesBuildPhase;
			buildActionMask = 2147483647;
			files = (
			);
			runOnlyForDeploymentPostprocessing = 0;
		};
/* End PBXResourcesBuildPhase section */

/* Begin PBXSourcesBuildPhase section */
		2A641B482508B60700A33D20 /* Sources */ = {
			isa = PBXSourcesBuildPhase;
			buildActionMask = 2147483647;
			files = (
				2A641B542508B60700A33D20 /* ViewController.swift in Sources */,
				2A641B502508B60700A33D20 /* AppDelegate.swift in Sources */,
				2A641B522508B60700A33D20 /* SceneDelegate.swift in Sources */,
			);
			runOnlyForDeploymentPostprocessing = 0;
		};
		2A641B5E2508B60800A33D20 /* Sources */ = {
			isa = PBXSourcesBuildPhase;
			buildActionMask = 2147483647;
			files = (
				2A641B672508B60800A33D20 /* AubergineDemoTests.swift in Sources */,
			);
			runOnlyForDeploymentPostprocessing = 0;
		};
		2A641B692508B60900A33D20 /* Sources */ = {
			isa = PBXSourcesBuildPhase;
			buildActionMask = 2147483647;
			files = (
				2A641B722508B60900A33D20 /* AubergineDemoUITests.swift in Sources */,
			);
			runOnlyForDeploymentPostprocessing = 0;
		};
/* End PBXSourcesBuildPhase section */

/* Begin PBXTargetDependency section */
		2A641B642508B60800A33D20 /* PBXTargetDependency */ = {
			isa = PBXTargetDependency;
			target = 2A641B4B2508B60700A33D20 /* AubergineDemo */;
			targetProxy = 2A641B632508B60800A33D20 /* PBXContainerItemProxy */;
		};
		2A641B6F2508B60900A33D20 /* PBXTargetDependency */ = {
			isa = PBXTargetDependency;
			target = 2A641B4B2508B60700A33D20 /* AubergineDemo */;
			targetProxy = 2A641B6E2508B60900A33D20 /* PBXContainerItemProxy */;
		};
/* End PBXTargetDependency section */

/* Begin PBXVariantGroup section */
		2A641B552508B60700A33D20 /* Main.storyboard */ = {
			isa = PBXVariantGroup;
			children = (
				2A641B562508B60700A33D20 /* Base */,
			);
			name = Main.storyboard;
			sourceTree = "<group>";
		};
		2A641B5A2508B60800A33D20 /* LaunchScreen.storyboard */ = {
			isa = PBXVariantGroup;
			children = (
				2A641B5B2508B60800A33D20 /* Base */,
			);
			name = LaunchScreen.storyboard;
			sourceTree = "<group>";
		};
/* End PBXVariantGroup section */

/* Begin XCBuildConfiguration section */
		2A641B742508B60900A33D20 /* Debug */ = {
			isa = XCBuildConfiguration;
			buildSettings = {
				ALWAYS_SEARCH_USER_PATHS = NO;
				CLANG_ANALYZER_NONNULL = YES;
				CLANG_ANALYZER_NUMBER_OBJECT_CONVERSION = YES_AGGRESSIVE;
				CLANG_CXX_LANGUAGE_STANDARD = "gnu++14";
				CLANG_CXX_LIBRARY = "libc++";
				CLANG_ENABLE_MODULES = YES;
				CLANG_ENABLE_OBJC_ARC = YES;
				CLANG_ENABLE_OBJC_WEAK = YES;
				CLANG_WARN_BLOCK_CAPTURE_AUTORELEASING = YES;
				CLANG_WARN_BOOL_CONVERSION = YES;
				CLANG_WARN_COMMA = YES;
				CLANG_WARN_CONSTANT_CONVERSION = YES;
				CLANG_WARN_DEPRECATED_OBJC_IMPLEMENTATIONS = YES;
				CLANG_WARN_DIRECT_OBJC_ISA_USAGE = YES_ERROR;
				CLANG_WARN_DOCUMENTATION_COMMENTS = YES;
				CLANG_WARN_EMPTY_BODY = YES;
				CLANG_WARN_ENUM_CONVERSION = YES;
				CLANG_WARN_INFINITE_RECURSION = YES;
				CLANG_WARN_INT_CONVERSION = YES;
				CLANG_WARN_NON_LITERAL_NULL_CONVERSION = YES;
				CLANG_WARN_OBJC_IMPLICIT_RETAIN_SELF = YES;
				CLANG_WARN_OBJC_LITERAL_CONVERSION = YES;
				CLANG_WARN_OBJC_ROOT_CLASS = YES_ERROR;
				CLANG_WARN_RANGE_LOOP_ANALYSIS = YES;
				CLANG_WARN_STRICT_PROTOTYPES = YES;
				CLANG_WARN_SUSPICIOUS_MOVE = YES;
				CLANG_WARN_UNGUARDED_AVAILABILITY = YES_AGGRESSIVE;
				CLANG_WARN_UNREACHABLE_CODE = YES;
				CLANG_WARN__DUPLICATE_METHOD_MATCH = YES;
				COPY_PHASE_STRIP = NO;
				DEBUG_INFORMATION_FORMAT = dwarf;
				ENABLE_STRICT_OBJC_MSGSEND = YES;
				ENABLE_TESTABILITY = YES;
				GCC_C_LANGUAGE_STANDARD = gnu11;
				GCC_DYNAMIC_NO_PIC = NO;
				GCC_NO_COMMON_BLOCKS = YES;
				GCC_OPTIMIZATION_LEVEL = 0;
				GCC_PREPROCESSOR_DEFINITIONS = (
					"DEBUG=1",
					"$(inherited)",
				);
				GCC_WARN_64_TO_32_BIT_CONVERSION = YES;
				GCC_WARN_ABOUT_RETURN_TYPE = YES_ERROR;
				GCC_WARN_UNDECLARED_SELECTOR = YES;
				GCC_WARN_UNINITIALIZED_AUTOS = YES_AGGRESSIVE;
				GCC_WARN_UNUSED_FUNCTION = YES;
				GCC_WARN_UNUSED_VARIABLE = YES;
				IPHONEOS_DEPLOYMENT_TARGET = 13.5;
				MTL_ENABLE_DEBUG_INFO = INCLUDE_SOURCE;
				MTL_FAST_MATH = YES;
				ONLY_ACTIVE_ARCH = YES;
				SDKROOT = iphoneos;
				SWIFT_ACTIVE_COMPILATION_CONDITIONS = DEBUG;
				SWIFT_OPTIMIZATION_LEVEL = "-Onone";
			};
			name = Debug;
		};
		2A641B752508B60900A33D20 /* Release */ = {
			isa = XCBuildConfiguration;
			buildSettings = {
				ALWAYS_SEARCH_USER_PATHS = NO;
				CLANG_ANALYZER_NONNULL = YES;
				CLANG_ANALYZER_NUMBER_OBJECT_CONVERSION = YES_AGGRESSIVE;
				CLANG_CXX_LANGUAGE_STANDARD = "gnu++14";
				CLANG_CXX_LIBRARY = "libc++";
				CLANG_ENABLE_MODULES = YES;
				CLANG_ENABLE_OBJC_ARC = YES;
				CLANG_ENABLE_OBJC_WEAK = YES;
				CLANG_WARN_BLOCK_CAPTURE_AUTORELEASING = YES;
				CLANG_WARN_BOOL_CONVERSION = YES;
				CLANG_WARN_COMMA = YES;
				CLANG_WARN_CONSTANT_CONVERSION = YES;
				CLANG_WARN_DEPRECATED_OBJC_IMPLEMENTATIONS = YES;
				CLANG_WARN_DIRECT_OBJC_ISA_USAGE = YES_ERROR;
				CLANG_WARN_DOCUMENTATION_COMMENTS = YES;
				CLANG_WARN_EMPTY_BODY = YES;
				CLANG_WARN_ENUM_CONVERSION = YES;
				CLANG_WARN_INFINITE_RECURSION = YES;
				CLANG_WARN_INT_CONVERSION = YES;
				CLANG_WARN_NON_LITERAL_NULL_CONVERSION = YES;
				CLANG_WARN_OBJC_IMPLICIT_RETAIN_SELF = YES;
				CLANG_WARN_OBJC_LITERAL_CONVERSION = YES;
				CLANG_WARN_OBJC_ROOT_CLASS = YES_ERROR;
				CLANG_WARN_RANGE_LOOP_ANALYSIS = YES;
				CLANG_WARN_STRICT_PROTOTYPES = YES;
				CLANG_WARN_SUSPICIOUS_MOVE = YES;
				CLANG_WARN_UNGUARDED_AVAILABILITY = YES_AGGRESSIVE;
				CLANG_WARN_UNREACHABLE_CODE = YES;
				CLANG_WARN__DUPLICATE_METHOD_MATCH = YES;
				COPY_PHASE_STRIP = NO;
				DEBUG_INFORMATION_FORMAT = "dwarf-with-dsym";
				ENABLE_NS_ASSERTIONS = NO;
				ENABLE_STRICT_OBJC_MSGSEND = YES;
				GCC_C_LANGUAGE_STANDARD = gnu11;
				GCC_NO_COMMON_BLOCKS = YES;
				GCC_WARN_64_TO_32_BIT_CONVERSION = YES;
				GCC_WARN_ABOUT_RETURN_TYPE = YES_ERROR;
				GCC_WARN_UNDECLARED_SELECTOR = YES;
				GCC_WARN_UNINITIALIZED_AUTOS = YES_AGGRESSIVE;
				GCC_WARN_UNUSED_FUNCTION = YES;
				GCC_WARN_UNUSED_VARIABLE = YES;
				IPHONEOS_DEPLOYMENT_TARGET = 13.5;
				MTL_ENABLE_DEBUG_INFO = NO;
				MTL_FAST_MATH = YES;
				SDKROOT = iphoneos;
				SWIFT_COMPILATION_MODE = wholemodule;
				SWIFT_OPTIMIZATION_LEVEL = "-O";
				VALIDATE_PRODUCT = YES;
			};
			name = Release;
		};
		2A641B772508B60900A33D20 /* Debug */ = {
			isa = XCBuildConfiguration;
			buildSettings = {
				ASSETCATALOG_COMPILER_APPICON_NAME = AppIcon;
				CODE_SIGN_STYLE = Automatic;
				INFOPLIST_FILE = AubergineDemo/Info.plist;
				LD_RUNPATH_SEARCH_PATHS = (
					"$(inherited)",
					"@executable_path/Frameworks",
				);
				PRODUCT_BUNDLE_IDENTIFIER = rajvi.com.AubergineDemo;
				PRODUCT_NAME = "$(TARGET_NAME)";
				SWIFT_VERSION = 5.0;
				TARGETED_DEVICE_FAMILY = "1,2";
			};
			name = Debug;
		};
		2A641B782508B60900A33D20 /* Release */ = {
			isa = XCBuildConfiguration;
			buildSettings = {
				ASSETCATALOG_COMPILER_APPICON_NAME = AppIcon;
				CODE_SIGN_STYLE = Automatic;
				INFOPLIST_FILE = AubergineDemo/Info.plist;
				LD_RUNPATH_SEARCH_PATHS = (
					"$(inherited)",
					"@executable_path/Frameworks",
				);
				PRODUCT_BUNDLE_IDENTIFIER = rajvi.com.AubergineDemo;
				PRODUCT_NAME = "$(TARGET_NAME)";
				SWIFT_VERSION = 5.0;
				TARGETED_DEVICE_FAMILY = "1,2";
			};
			name = Release;
		};
		2A641B7A2508B60900A33D20 /* Debug */ = {
			isa = XCBuildConfiguration;
			buildSettings = {
				ALWAYS_EMBED_SWIFT_STANDARD_LIBRARIES = YES;
				BUNDLE_LOADER = "$(TEST_HOST)";
				CODE_SIGN_STYLE = Automatic;
				INFOPLIST_FILE = AubergineDemoTests/Info.plist;
				IPHONEOS_DEPLOYMENT_TARGET = 13.5;
				LD_RUNPATH_SEARCH_PATHS = (
					"$(inherited)",
					"@executable_path/Frameworks",
					"@loader_path/Frameworks",
				);
				PRODUCT_BUNDLE_IDENTIFIER = rajvi.com.AubergineDemoTests;
				PRODUCT_NAME = "$(TARGET_NAME)";
				SWIFT_VERSION = 5.0;
				TARGETED_DEVICE_FAMILY = "1,2";
				TEST_HOST = "$(BUILT_PRODUCTS_DIR)/AubergineDemo.app/AubergineDemo";
			};
			name = Debug;
		};
		2A641B7B2508B60900A33D20 /* Release */ = {
			isa = XCBuildConfiguration;
			buildSettings = {
				ALWAYS_EMBED_SWIFT_STANDARD_LIBRARIES = YES;
				BUNDLE_LOADER = "$(TEST_HOST)";
				CODE_SIGN_STYLE = Automatic;
				INFOPLIST_FILE = AubergineDemoTests/Info.plist;
				IPHONEOS_DEPLOYMENT_TARGET = 13.5;
				LD_RUNPATH_SEARCH_PATHS = (
					"$(inherited)",
					"@executable_path/Frameworks",
					"@loader_path/Frameworks",
				);
				PRODUCT_BUNDLE_IDENTIFIER = rajvi.com.AubergineDemoTests;
				PRODUCT_NAME = "$(TARGET_NAME)";
				SWIFT_VERSION = 5.0;
				TARGETED_DEVICE_FAMILY = "1,2";
				TEST_HOST = "$(BUILT_PRODUCTS_DIR)/AubergineDemo.app/AubergineDemo";
			};
			name = Release;
		};
		2A641B7D2508B60900A33D20 /* Debug */ = {
			isa = XCBuildConfiguration;
			buildSettings = {
				ALWAYS_EMBED_SWIFT_STANDARD_LIBRARIES = YES;
				CODE_SIGN_STYLE = Automatic;
				INFOPLIST_FILE = AubergineDemoUITests/Info.plist;
				LD_RUNPATH_SEARCH_PATHS = (
					"$(inherited)",
					"@executable_path/Frameworks",
					"@loader_path/Frameworks",
				);
				PRODUCT_BUNDLE_IDENTIFIER = rajvi.com.AubergineDemoUITests;
				PRODUCT_NAME = "$(TARGET_NAME)";
				SWIFT_VERSION = 5.0;
				TARGETED_DEVICE_FAMILY = "1,2";
				TEST_TARGET_NAME = AubergineDemo;
			};
			name = Debug;
		};
		2A641B7E2508B60900A33D20 /* Release */ = {
			isa = XCBuildConfiguration;
			buildSettings = {
				ALWAYS_EMBED_SWIFT_STANDARD_LIBRARIES = YES;
				CODE_SIGN_STYLE = Automatic;
				INFOPLIST_FILE = AubergineDemoUITests/Info.plist;
				LD_RUNPATH_SEARCH_PATHS = (
					"$(inherited)",
					"@executable_path/Frameworks",
					"@loader_path/Frameworks",
				);
				PRODUCT_BUNDLE_IDENTIFIER = rajvi.com.AubergineDemoUITests;
				PRODUCT_NAME = "$(TARGET_NAME)";
				SWIFT_VERSION = 5.0;
				TARGETED_DEVICE_FAMILY = "1,2";
				TEST_TARGET_NAME = AubergineDemo;
			};
			name = Release;
		};
/* End XCBuildConfiguration section */

/* Begin XCConfigurationList section */
		2A641B472508B60700A33D20 /* Build configuration list for PBXProject "AubergineDemo" */ = {
			isa = XCConfigurationList;
			buildConfigurations = (
				2A641B742508B60900A33D20 /* Debug */,
				2A641B752508B60900A33D20 /* Release */,
			);
			defaultConfigurationIsVisible = 0;
			defaultConfigurationName = Release;
		};
		2A641B762508B60900A33D20 /* Build configuration list for PBXNativeTarget "AubergineDemo" */ = {
			isa = XCConfigurationList;
			buildConfigurations = (
				2A641B772508B60900A33D20 /* Debug */,
				2A641B782508B60900A33D20 /* Release */,
			);
			defaultConfigurationIsVisible = 0;
			defaultConfigurationName = Release;
		};
		2A641B792508B60900A33D20 /* Build configuration list for PBXNativeTarget "AubergineDemoTests" */ = {
			isa = XCConfigurationList;
			buildConfigurations = (
				2A641B7A2508B60900A33D20 /* Debug */,
				2A641B7B2508B60900A33D20 /* Release */,
			);
			defaultConfigurationIsVisible = 0;
			defaultConfigurationName = Release;
		};
		2A641B7C2508B60900A33D20 /* Build configuration list for PBXNativeTarget "AubergineDemoUITests" */ = {
			isa = XCConfigurationList;
			buildConfigurations = (
				2A641B7D2508B60900A33D20 /* Debug */,
				2A641B7E2508B60900A33D20 /* Release */,
			);
			defaultConfigurationIsVisible = 0;
			defaultConfigurationName = Release;
		};
/* End XCConfigurationList section */
	};
	rootObject = 2A641B442508B60700A33D20 /* Project object */;
}
